
Microsoft Visual Studio Solution File, Format Version 12.00
# Visual Studio 2012
Project("{FAE04EC0-301F-11D3-BF4B-00C04F79EFBC}") = "OKHOSTING.Code", "OKHOSTING.Code\OKHOSTING.Code.csproj", "{CE51C890-6B6F-45DA-9146-1F9CF897F00E}"
EndProject
Project("{FAE04EC0-301F-11D3-BF4B-00C04F79EFBC}") = "OKHOSTING.Tools", "..\OKHOSTING.Tools\OKHOSTING.Tools.csproj", "{FC1B2D37-6A08-4FCE-AAF7-73512262A9D1}"
EndProject
Project("{FAE04EC0-301F-11D3-BF4B-00C04F79EFBC}") = "OKHOSTING.Data", "..\OKHOSTING.Data\OKHOSTING.Data\OKHOSTING.Data.csproj", "{92920DC2-B334-4616-9BBC-883EDED14E44}"
EndProject
Project("{FAE04EC0-301F-11D3-BF4B-00C04F79EFBC}") = "OKHOSTING.Data.Sql.ORM", "..\OKHOSTING.Data.Sql.ORM\OKHOSTING.Data.Sql.ORM.csproj", "{EFE7E4D5-AC5D-468E-8163-D303980CEDEC}"
EndProject
Project("{FAE04EC0-301F-11D3-BF4B-00C04F79EFBC}") = "OKHOSTING.Data.Sql", "..\OKHOSTING.Data.Sql\OKHOSTING.Data.Sql\OKHOSTING.Data.Sql.csproj", "{57DCA132-63FA-40D7-AFC6-9C0CFC510F9B}"
EndProject
Project("{FAE04EC0-301F-11D3-BF4B-00C04F79EFBC}") = "OKHOSTING.Data.Sql.EF", "..\OKHOSTING.Data.Sql.EF\OKHOSTING.Data.Sql.EF.csproj", "{4C5E0871-7EF3-4AB1-9B6C-66B01F10DE8C}"
EndProject
Global
	GlobalSection(SolutionConfigurationPlatforms) = preSolution
		Debug|Any CPU = Debug|Any CPU
		Release|Any CPU = Release|Any CPU
	EndGlobalSection
	GlobalSection(ProjectConfigurationPlatforms) = postSolution
		{CE51C890-6B6F-45DA-9146-1F9CF897F00E}.Debug|Any CPU.ActiveCfg = Debug|Any CPU
		{CE51C890-6B6F-45DA-9146-1F9CF897F00E}.Debug|Any CPU.Build.0 = Debug|Any CPU
		{CE51C890-6B6F-45DA-9146-1F9CF897F00E}.Release|Any CPU.ActiveCfg = Release|Any CPU
		{CE51C890-6B6F-45DA-9146-1F9CF897F00E}.Release|Any CPU.Build.0 = Release|Any CPU
		{FC1B2D37-6A08-4FCE-AAF7-73512262A9D1}.Debug|Any CPU.ActiveCfg = Debug|Any CPU
		{FC1B2D37-6A08-4FCE-AAF7-73512262A9D1}.Debug|Any CPU.Build.0 = Debug|Any CPU
		{FC1B2D37-6A08-4FCE-AAF7-73512262A9D1}.Release|Any CPU.ActiveCfg = Release|Any CPU
		{FC1B2D37-6A08-4FCE-AAF7-73512262A9D1}.Release|Any CPU.Build.0 = Release|Any CPU
		{92920DC2-B334-4616-9BBC-883EDED14E44}.Debug|Any CPU.ActiveCfg = Debug|Any CPU
		{92920DC2-B334-4616-9BBC-883EDED14E44}.Debug|Any CPU.Build.0 = Debug|Any CPU
		{92920DC2-B334-4616-9BBC-883EDED14E44}.Release|Any CPU.ActiveCfg = Release|Any CPU
		{92920DC2-B334-4616-9BBC-883EDED14E44}.Release|Any CPU.Build.0 = Release|Any CPU
		{EFE7E4D5-AC5D-468E-8163-D303980CEDEC}.Debug|Any CPU.ActiveCfg = Debug|Any CPU
		{EFE7E4D5-AC5D-468E-8163-D303980CEDEC}.Debug|Any CPU.Build.0 = Debug|Any CPU
		{EFE7E4D5-AC5D-468E-8163-D303980CEDEC}.Release|Any CPU.ActiveCfg = Release|Any CPU
		{EFE7E4D5-AC5D-468E-8163-D303980CEDEC}.Release|Any CPU.Build.0 = Release|Any CPU
		{57DCA132-63FA-40D7-AFC6-9C0CFC510F9B}.Debug|Any CPU.ActiveCfg = Debug|Any CPU
		{57DCA132-63FA-40D7-AFC6-9C0CFC510F9B}.Debug|Any CPU.Build.0 = Debug|Any CPU
		{57DCA132-63FA-40D7-AFC6-9C0CFC510F9B}.Release|Any CPU.ActiveCfg = Release|Any CPU
		{57DCA132-63FA-40D7-AFC6-9C0CFC510F9B}.Release|Any CPU.Build.0 = Release|Any CPU
		{4C5E0871-7EF3-4AB1-9B6C-66B01F10DE8C}.Debug|Any CPU.ActiveCfg = Debug|Any CPU
		{4C5E0871-7EF3-4AB1-9B6C-66B01F10DE8C}.Debug|Any CPU.Build.0 = Debug|Any CPU
		{4C5E0871-7EF3-4AB1-9B6C-66B01F10DE8C}.Release|Any CPU.ActiveCfg = Release|Any CPU
		{4C5E0871-7EF3-4AB1-9B6C-66B01F10DE8C}.Release|Any CPU.Build.0 = Release|Any CPU
	EndGlobalSection
	GlobalSection(SolutionProperties) = preSolution
		HideSolutionNode = FALSE
	EndGlobalSection
EndGlobal
